# Copyright © 2026 Ray Yang. All rights reserved.
# No license is granted. See LICENSE and NOTICE.md.

protocol_authority:
  repository: host-device-control-poc-system
  url: https://github.com/jkman357/host-device-control-poc-system
  path: protocol/protocol.yaml
  authority_commit: e4aa40b4d5dfc3e7f878f82f5a89115de9fe3679
  reviewed_system_commit: e418afc3b3e866039c583a8ba4dc1a1049a9cec1
  protocol_version: 0.1.0
  wire_version: 0x01
  status: candidate_for_alignment
  sha256: 7ff8db3a1ed669407e0d4cada2a78b212ea3c7bccdf371f232a2689a02e7c56e
implementation:
  repository: host-device-control-poc-pc-app
  base_commit: 446827e9103872bd7d809005999fb8eab065a0b6
  alignment_status: implementation_candidate_with_transport_profile_change_pending_system_authority

transport_profile_change:
  proposal: protocol/transport-profile-proposal.yaml
  status: pending_system_authority_update
  sha256: 6d7d62f88f0b7b62e6a1468dba0ae9797447a1e295848f4bce8d5eda21645310
  rule: pinned_protocol_mirror_remains_unchanged_until_human_approved_upstream_commit
