# Copyright © 2026 Ray Yang. All rights reserved.
# No license is granted. See LICENSE and NOTICE.md.

protocol_authority:
  repository: host-device-control-poc-system
  url: https://github.com/jkman357/host-device-control-poc-system
  path: protocol/protocol.yaml
  authority_commit: e4aa40b4d5dfc3e7f878f82f5a89115de9fe3679
  reviewed_system_commit: e418afc3b3e866039c583a8ba4dc1a1049a9cec1
  protocol_version: 0.1.0
  wire_version: 0x01
  status: candidate_for_alignment
  sha256: 7ff8db3a1ed669407e0d4cada2a78b212ea3c7bccdf371f232a2689a02e7c56e
implementation:
  repository: host-device-control-poc-pc-app
  base_commit: ba74d943e87deb8e51771e6a397b1b07fe37c8ed
  alignment_status: implementation_candidate_pending_ci_and_hardware_evidence
